
Microsoft Visual Studio Solution File, Format Version 12.00
# Visual Studio Version 17
VisualStudioVersion = 17.7.34003.232
MinimumVisualStudioVersion = 10.0.40219.1
Project("{9A19103F-16F7-4668-BE54-9A1E7A4F7556}") = "proyecto", "proyecto.csproj", "{F6487C45-00E3-4531-93F2-33E5BB381681}"
EndProject
Project("{54435603-DBB4-11D2-8724-00A0C9A8B90C}") = "Sisviansa", "..\Sisviansa\Sisviansa.vdproj", "{E8365B68-6B0E-4FF6-8416-1B708E79665F}"
EndProject
Global
	GlobalSection(SolutionConfigurationPlatforms) = preSolution
		Debug|Any CPU = Debug|Any CPU
		Release|Any CPU = Release|Any CPU
	EndGlobalSection
	GlobalSection(ProjectConfigurationPlatforms) = postSolution
		{F6487C45-00E3-4531-93F2-33E5BB381681}.Debug|Any CPU.ActiveCfg = Debug|Any CPU
		{F6487C45-00E3-4531-93F2-33E5BB381681}.Debug|Any CPU.Build.0 = Debug|Any CPU
		{F6487C45-00E3-4531-93F2-33E5BB381681}.Release|Any CPU.ActiveCfg = Release|Any CPU
		{F6487C45-00E3-4531-93F2-33E5BB381681}.Release|Any CPU.Build.0 = Release|Any CPU
		{E8365B68-6B0E-4FF6-8416-1B708E79665F}.Debug|Any CPU.ActiveCfg = Debug
		{E8365B68-6B0E-4FF6-8416-1B708E79665F}.Release|Any CPU.ActiveCfg = Release
	EndGlobalSection
	GlobalSection(SolutionProperties) = preSolution
		HideSolutionNode = FALSE
	EndGlobalSection
	GlobalSection(ExtensibilityGlobals) = postSolution
		SolutionGuid = {8A0D7455-78E7-4F14-8730-879210C5BCCF}
	EndGlobalSection
EndGlobal
